// !$*UTF8*$!
{
	archiveVersion = 1;
	classes = {
	};
	objectVersion = 46;
	objects = {

/* Begin PBXBuildFile section */
		7735667B1D051F99000939F4 /* main.m in Sources */ = {isa = PBXBuildFile; fileRef = 7735667A1D051F99000939F4 /* main.m */; };
		7735667E1D051F99000939F4 /* AppDelegate.m in Sources */ = {isa = PBXBuildFile; fileRef = 7735667D1D051F99000939F4 /* AppDelegate.m */; };
		773566811D051F99000939F4 /* GameScene.m in Sources */ = {isa = PBXBuildFile; fileRef = 773566801D051F99000939F4 /* GameScene.m */; };
		773566831D051F99000939F4 /* GameScene.sks in Resources */ = {isa = PBXBuildFile; fileRef = 773566821D051F99000939F4 /* GameScene.sks */; };
		773566861D051F99000939F4 /* GameViewController.m in Sources */ = {isa = PBXBuildFile; fileRef = 773566851D051F99000939F4 /* GameViewController.m */; };
		773566891D051F9A000939F4 /* Main.storyboard in Resources */ = {isa = PBXBuildFile; fileRef = 773566871D051F9A000939F4 /* Main.storyboard */; };
		7735668B1D051F9A000939F4 /* Assets.xcassets in Resources */ = {isa = PBXBuildFile; fileRef = 7735668A1D051F9A000939F4 /* Assets.xcassets */; };
		7735668E1D051F9A000939F4 /* LaunchScreen.storyboard in Resources */ = {isa = PBXBuildFile; fileRef = 7735668C1D051F9A000939F4 /* LaunchScreen.storyboard */; };
		773566981D0520F6000939F4 /* LKMoleNode.m in Sources */ = {isa = PBXBuildFile; fileRef = 773566971D0520F6000939F4 /* LKMoleNode.m */; };
/* End PBXBuildFile section */

/* Begin PBXFileReference section */
		773566761D051F99000939F4 /* LKMoleGame.app */ = {isa = PBXFileReference; explicitFileType = wrapper.application; includeInIndex = 0; path = LKMoleGame.app; sourceTree = BUILT_PRODUCTS_DIR; };
		7735667A1D051F99000939F4 /* main.m */ = {isa = PBXFileReference; lastKnownFileType = sourcecode.c.objc; path = main.m; sourceTree = "<group>"; };
		7735667C1D051F99000939F4 /* AppDelegate.h */ = {isa = PBXFileReference; lastKnownFileType = sourcecode.c.h; path = AppDelegate.h; sourceTree = "<group>"; };
		7735667D1D051F99000939F4 /* AppDelegate.m */ = {isa = PBXFileReference; lastKnownFileType = sourcecode.c.objc; path = AppDelegate.m; sourceTree = "<group>"; };
		7735667F1D051F99000939F4 /* GameScene.h */ = {isa = PBXFileReference; lastKnownFileType = sourcecode.c.h; path = GameScene.h; sourceTree = "<group>"; };
		773566801D051F99000939F4 /* GameScene.m */ = {isa = PBXFileReference; lastKnownFileType = sourcecode.c.objc; path = GameScene.m; sourceTree = "<group>"; };
		773566821D051F99000939F4 /* GameScene.sks */ = {isa = PBXFileReference; lastKnownFileType = file.sks; path = GameScene.sks; sourceTree = "<group>"; };
		773566841D051F99000939F4 /* GameViewController.h */ = {isa = PBXFileReference; lastKnownFileType = sourcecode.c.h; path = GameViewController.h; sourceTree = "<group>"; };
		773566851D051F99000939F4 /* GameViewController.m */ = {isa = PBXFileReference; lastKnownFileType = sourcecode.c.objc; path = GameViewController.m; sourceTree = "<group>"; };
		773566881D051F9A000939F4 /* Base */ = {isa = PBXFileReference; lastKnownFileType = file.storyboard; name = Base; path = Base.lproj/Main.storyboard; sourceTree = "<group>"; };
		7735668A1D051F9A000939F4 /* Assets.xcassets */ = {isa = PBXFileReference; lastKnownFileType = folder.assetcatalog; path = Assets.xcassets; sourceTree = "<group>"; };
		7735668D1D051F9A000939F4 /* Base */ = {isa = PBXFileReference; lastKnownFileType = file.storyboard; name = Base; path = Base.lproj/LaunchScreen.storyboard; sourceTree = "<group>"; };
		7735668F1D051F9A000939F4 /* Info.plist */ = {isa = PBXFileReference; lastKnownFileType = text.plist.xml; path = Info.plist; sourceTree = "<group>"; };
		773566961D0520F6000939F4 /* LKMoleNode.h */ = {isa = PBXFileReference; fileEncoding = 4; lastKnownFileType = sourcecode.c.h; name = LKMoleNode.h; path = LKNode/LKMoleNode.h; sourceTree = "<group>"; };
		773566971D0520F6000939F4 /* LKMoleNode.m */ = {isa = PBXFileReference; fileEncoding = 4; lastKnownFileType = sourcecode.c.objc; name = LKMoleNode.m; path = LKNode/LKMoleNode.m; sourceTree = "<group>"; };
/* End PBXFileReference section */

/* Begin PBXFrameworksBuildPhase section */
		773566731D051F99000939F4 /* Frameworks */ = {
			isa = PBXFrameworksBuildPhase;
			buildActionMask = 2147483647;
			files = (
			);
			runOnlyForDeploymentPostprocessing = 0;
		};
/* End PBXFrameworksBuildPhase section */

/* Begin PBXGroup section */
		7735666D1D051F99000939F4 = {
			isa = PBXGroup;
			children = (
				773566781D051F99000939F4 /* LKMoleGame */,
				773566771D051F99000939F4 /* Products */,
			);
			sourceTree = "<group>";
		};
		773566771D051F99000939F4 /* Products */ = {
			isa = PBXGroup;
			children = (
				773566761D051F99000939F4 /* LKMoleGame.app */,
			);
			name = Products;
			sourceTree = "<group>";
		};
		773566781D051F99000939F4 /* LKMoleGame */ = {
			isa = PBXGroup;
			children = (
				773566951D0520D8000939F4 /* LKNode */,
				7735667C1D051F99000939F4 /* AppDelegate.h */,
				7735667D1D051F99000939F4 /* AppDelegate.m */,
				7735667F1D051F99000939F4 /* GameScene.h */,
				773566801D051F99000939F4 /* GameScene.m */,
				773566821D051F99000939F4 /* GameScene.sks */,
				773566841D051F99000939F4 /* GameViewController.h */,
				773566851D051F99000939F4 /* GameViewController.m */,
				773566871D051F9A000939F4 /* Main.storyboard */,
				7735668A1D051F9A000939F4 /* Assets.xcassets */,
				7735668C1D051F9A000939F4 /* LaunchScreen.storyboard */,
				7735668F1D051F9A000939F4 /* Info.plist */,
				773566791D051F99000939F4 /* Supporting Files */,
			);
			path = LKMoleGame;
			sourceTree = "<group>";
		};
		773566791D051F99000939F4 /* Supporting Files */ = {
			isa = PBXGroup;
			children = (
				7735667A1D051F99000939F4 /* main.m */,
			);
			name = "Supporting Files";
			sourceTree = "<group>";
		};
		773566951D0520D8000939F4 /* LKNode */ = {
			isa = PBXGroup;
			children = (
				773566961D0520F6000939F4 /* LKMoleNode.h */,
				773566971D0520F6000939F4 /* LKMoleNode.m */,
			);
			name = LKNode;
			sourceTree = "<group>";
		};
/* End PBXGroup section */

/* Begin PBXNativeTarget section */
		773566751D051F99000939F4 /* LKMoleGame */ = {
			isa = PBXNativeTarget;
			buildConfigurationList = 773566921D051F9A000939F4 /* Build configuration list for PBXNativeTarget "LKMoleGame" */;
			buildPhases = (
				773566721D051F99000939F4 /* Sources */,
				773566731D051F99000939F4 /* Frameworks */,
				773566741D051F99000939F4 /* Resources */,
			);
			buildRules = (
			);
			dependencies = (
			);
			name = LKMoleGame;
			productName = LKMoleGame;
			productReference = 773566761D051F99000939F4 /* LKMoleGame.app */;
			productType = "com.apple.product-type.application";
		};
/* End PBXNativeTarget section */

/* Begin PBXProject section */
		7735666E1D051F99000939F4 /* Project object */ = {
			isa = PBXProject;
			attributes = {
				LastUpgradeCheck = 0730;
				ORGANIZATIONNAME = "Huy Nguyen";
				TargetAttributes = {
					773566751D051F99000939F4 = {
						CreatedOnToolsVersion = 7.3;
					};
				};
			};
			buildConfigurationList = 773566711D051F99000939F4 /* Build configuration list for PBXProject "LKMoleGame" */;
			compatibilityVersion = "Xcode 3.2";
			developmentRegion = English;
			hasScannedForEncodings = 0;
			knownRegions = (
				en,
				Base,
			);
			mainGroup = 7735666D1D051F99000939F4;
			productRefGroup = 773566771D051F99000939F4 /* Products */;
			projectDirPath = "";
			projectRoot = "";
			targets = (
				773566751D051F99000939F4 /* LKMoleGame */,
			);
		};
/* End PBXProject section */

/* Begin PBXResourcesBuildPhase section */
		773566741D051F99000939F4 /* Resources */ = {
			isa = PBXResourcesBuildPhase;
			buildActionMask = 2147483647;
			files = (
				773566831D051F99000939F4 /* GameScene.sks in Resources */,
				7735668E1D051F9A000939F4 /* LaunchScreen.storyboard in Resources */,
				7735668B1D051F9A000939F4 /* Assets.xcassets in Resources */,
				773566891D051F9A000939F4 /* Main.storyboard in Resources */,
			);
			runOnlyForDeploymentPostprocessing = 0;
		};
/* End PBXResourcesBuildPhase section */

/* Begin PBXSourcesBuildPhase section */
		773566721D051F99000939F4 /* Sources */ = {
			isa = PBXSourcesBuildPhase;
			buildActionMask = 2147483647;
			files = (
				773566861D051F99000939F4 /* GameViewController.m in Sources */,
				7735667E1D051F99000939F4 /* AppDelegate.m in Sources */,
				773566811D051F99000939F4 /* GameScene.m in Sources */,
				7735667B1D051F99000939F4 /* main.m in Sources */,
				773566981D0520F6000939F4 /* LKMoleNode.m in Sources */,
			);
			runOnlyForDeploymentPostprocessing = 0;
		};
/* End PBXSourcesBuildPhase section */

/* Begin PBXVariantGroup section */
		773566871D051F9A000939F4 /* Main.storyboard */ = {
			isa = PBXVariantGroup;
			children = (
				773566881D051F9A000939F4 /* Base */,
			);
			name = Main.storyboard;
			sourceTree = "<group>";
		};
		7735668C1D051F9A000939F4 /* LaunchScreen.storyboard */ = {
			isa = PBXVariantGroup;
			children = (
				7735668D1D051F9A000939F4 /* Base */,
			);
			name = LaunchScreen.storyboard;
			sourceTree = "<group>";
		};
/* End PBXVariantGroup section */

/* Begin XCBuildConfiguration section */
		773566901D051F9A000939F4 /* Debug */ = {
			isa = XCBuildConfiguration;
			buildSettings = {
				ALWAYS_SEARCH_USER_PATHS = NO;
				CLANG_ANALYZER_NONNULL = YES;
				CLANG_CXX_LANGUAGE_STANDARD = "gnu++0x";
				CLANG_CXX_LIBRARY = "libc++";
				CLANG_ENABLE_MODULES = YES;
				CLANG_ENABLE_OBJC_ARC = YES;
				CLANG_WARN_BOOL_CONVERSION = YES;
				CLANG_WARN_CONSTANT_CONVERSION = YES;
				CLANG_WARN_DIRECT_OBJC_ISA_USAGE = YES_ERROR;
				CLANG_WARN_EMPTY_BODY = YES;
				CLANG_WARN_ENUM_CONVERSION = YES;
				CLANG_WARN_INT_CONVERSION = YES;
				CLANG_WARN_OBJC_ROOT_CLASS = YES_ERROR;
				CLANG_WARN_UNREACHABLE_CODE = YES;
				CLANG_WARN__DUPLICATE_METHOD_MATCH = YES;
				"CODE_SIGN_IDENTITY[sdk=iphoneos*]" = "iPhone Developer";
				COPY_PHASE_STRIP = NO;
				DEBUG_INFORMATION_FORMAT = "dwarf-with-dsym";
				ENABLE_STRICT_OBJC_MSGSEND = YES;
				ENABLE_TESTABILITY = YES;
				GCC_C_LANGUAGE_STANDARD = gnu99;
				GCC_DYNAMIC_NO_PIC = NO;
				GCC_NO_COMMON_BLOCKS = YES;
				GCC_OPTIMIZATION_LEVEL = 0;
				GCC_PREPROCESSOR_DEFINITIONS = (
					"DEBUG=1",
					"$(inherited)",
				);
				GCC_WARN_64_TO_32_BIT_CONVERSION = YES;
				GCC_WARN_ABOUT_RETURN_TYPE = YES_ERROR;
				GCC_WARN_UNDECLARED_SELECTOR = YES;
				GCC_WARN_UNINITIALIZED_AUTOS = YES_AGGRESSIVE;
				GCC_WARN_UNUSED_FUNCTION = YES;
				GCC_WARN_UNUSED_VARIABLE = YES;
				IPHONEOS_DEPLOYMENT_TARGET = 9.3;
				MTL_ENABLE_DEBUG_INFO = YES;
				ONLY_ACTIVE_ARCH = YES;
				SDKROOT = iphoneos;
				TARGETED_DEVICE_FAMILY = "1,2";
			};
			name = Debug;
		};
		773566911D051F9A000939F4 /* Release */ = {
			isa = XCBuildConfiguration;
			buildSettings = {
				ALWAYS_SEARCH_USER_PATHS = NO;
				CLANG_ANALYZER_NONNULL = YES;
				CLANG_CXX_LANGUAGE_STANDARD = "gnu++0x";
				CLANG_CXX_LIBRARY = "libc++";
				CLANG_ENABLE_MODULES = YES;
				CLANG_ENABLE_OBJC_ARC = YES;
				CLANG_WARN_BOOL_CONVERSION = YES;
				CLANG_WARN_CONSTANT_CONVERSION = YES;
				CLANG_WARN_DIRECT_OBJC_ISA_USAGE = YES_ERROR;
				CLANG_WARN_EMPTY_BODY = YES;
				CLANG_WARN_ENUM_CONVERSION = YES;
				CLANG_WARN_INT_CONVERSION = YES;
				CLANG_WARN_OBJC_ROOT_CLASS = YES_ERROR;
				CLANG_WARN_UNREACHABLE_CODE = YES;
				CLANG_WARN__DUPLICATE_METHOD_MATCH = YES;
				"CODE_SIGN_IDENTITY[sdk=iphoneos*]" = "iPhone Developer";
				COPY_PHASE_STRIP = NO;
				DEBUG_INFORMATION_FORMAT = "dwarf-with-dsym";
				ENABLE_NS_ASSERTIONS = NO;
				ENABLE_STRICT_OBJC_MSGSEND = YES;
				GCC_C_LANGUAGE_STANDARD = gnu99;
				GCC_NO_COMMON_BLOCKS = YES;
				GCC_WARN_64_TO_32_BIT_CONVERSION = YES;
				GCC_WARN_ABOUT_RETURN_TYPE = YES_ERROR;
				GCC_WARN_UNDECLARED_SELECTOR = YES;
				GCC_WARN_UNINITIALIZED_AUTOS = YES_AGGRESSIVE;
				GCC_WARN_UNUSED_FUNCTION = YES;
				GCC_WARN_UNUSED_VARIABLE = YES;
				IPHONEOS_DEPLOYMENT_TARGET = 9.3;
				MTL_ENABLE_DEBUG_INFO = NO;
				SDKROOT = iphoneos;
				TARGETED_DEVICE_FAMILY = "1,2";
				VALIDATE_PRODUCT = YES;
			};
			name = Release;
		};
		773566931D051F9A000939F4 /* Debug */ = {
			isa = XCBuildConfiguration;
			buildSettings = {
				ASSETCATALOG_COMPILER_APPICON_NAME = AppIcon;
				INFOPLIST_FILE = LKMoleGame/Info.plist;
				LD_RUNPATH_SEARCH_PATHS = "$(inherited) @executable_path/Frameworks";
				PRODUCT_BUNDLE_IDENTIFIER = LapKan.LKMoleGame;
				PRODUCT_NAME = "$(TARGET_NAME)";
			};
			name = Debug;
		};
		773566941D051F9A000939F4 /* Release */ = {
			isa = XCBuildConfiguration;
			buildSettings = {
				ASSETCATALOG_COMPILER_APPICON_NAME = AppIcon;
				INFOPLIST_FILE = LKMoleGame/Info.plist;
				LD_RUNPATH_SEARCH_PATHS = "$(inherited) @executable_path/Frameworks";
				PRODUCT_BUNDLE_IDENTIFIER = LapKan.LKMoleGame;
				PRODUCT_NAME = "$(TARGET_NAME)";
			};
			name = Release;
		};
/* End XCBuildConfiguration section */

/* Begin XCConfigurationList section */
		773566711D051F99000939F4 /* Build configuration list for PBXProject "LKMoleGame" */ = {
			isa = XCConfigurationList;
			buildConfigurations = (
				773566901D051F9A000939F4 /* Debug */,
				773566911D051F9A000939F4 /* Release */,
			);
			defaultConfigurationIsVisible = 0;
			defaultConfigurationName = Release;
		};
		773566921D051F9A000939F4 /* Build configuration list for PBXNativeTarget "LKMoleGame" */ = {
			isa = XCConfigurationList;
			buildConfigurations = (
				773566931D051F9A000939F4 /* Debug */,
				773566941D051F9A000939F4 /* Release */,
			);
			defaultConfigurationIsVisible = 0;
		};
/* End XCConfigurationList section */
	};
	rootObject = 7735666E1D051F99000939F4 /* Project object */;
}
